
Microsoft Visual Studio Solution File, Format Version 12.00
# Visual Studio Version 17
VisualStudioVersion = 17.5.002.0
MinimumVisualStudioVersion = 10.0.40219.1
Project("{9A19103F-16F7-4668-BE54-9A1E7A4F7556}") = "HomeWork4", "HomeWork4\HomeWork4.csproj", "{79E0C46C-2EB8-4D68-BAB6-D9F99C8B7818}"
EndProject
Project("{9A19103F-16F7-4668-BE54-9A1E7A4F7556}") = "Homework5", "Homework5\Homework5.csproj", "{8EDF9E22-285A-4FBB-8DFD-BC09AFF27F04}"
EndProject
Project("{2150E333-8FDC-42A3-9474-1A3956D46DE8}") = "HomeWork1", "HomeWork1", "{60B7E6D6-C94A-4FA0-9719-40463C8285D6}"
EndProject
Project("{9A19103F-16F7-4668-BE54-9A1E7A4F7556}") = "Task2", "HomeWork1\Task2\Task2.csproj", "{631A8A74-8B06-4F41-B1AE-FB5A18AA3810}"
EndProject
Project("{9A19103F-16F7-4668-BE54-9A1E7A4F7556}") = "Task4", "HomeWork1\Task4\Task4.csproj", "{CF4C4AD2-39DE-4F17-94C1-17CF115D3D9E}"
EndProject
Project("{9A19103F-16F7-4668-BE54-9A1E7A4F7556}") = "Task6", "HomeWork1\Task6\Task6.csproj", "{C33F3A3C-94D5-4217-8FD8-5ADA82735519}"
EndProject
Project("{9A19103F-16F7-4668-BE54-9A1E7A4F7556}") = "Task8", "HomeWork1\Task8\Task8.csproj", "{BF98D0BF-B2BF-4DCB-95BE-9E4B483A129B}"
EndProject
Project("{2150E333-8FDC-42A3-9474-1A3956D46DE8}") = "HomeWork2", "HomeWork2", "{35262B70-4894-4BA5-ADCE-5B3EA87FE945}"
EndProject
Project("{9A19103F-16F7-4668-BE54-9A1E7A4F7556}") = "Task15", "HomeWork2\Task15\Task15.csproj", "{DB79676B-F615-4DC9-9121-FBE09C0657B9}"
EndProject
Project("{9A19103F-16F7-4668-BE54-9A1E7A4F7556}") = "Task10", "HomeWork2\Tasks10_13\Task10.csproj", "{E8A66763-33A1-431F-881F-8B6235AA02A8}"
EndProject
Project("{2150E333-8FDC-42A3-9474-1A3956D46DE8}") = "HomeWork3", "HomeWork3", "{6DD1A046-DD3F-4B9C-980A-8EF6BAC66EED}"
EndProject
Project("{9A19103F-16F7-4668-BE54-9A1E7A4F7556}") = "Task1", "HomeWork3\Task1\Task1.csproj", "{D6D9D3A0-46D3-47DE-A8A9-C080C7164811}"
EndProject
Project("{9A19103F-16F7-4668-BE54-9A1E7A4F7556}") = "Task1_1", "HomeWork3\Task1_1\Task1_1.csproj", "{B0F97681-57AE-4FCA-B87D-9FF24277092B}"
EndProject
Project("{2150E333-8FDC-42A3-9474-1A3956D46DE8}") = "Seminars", "Seminars", "{546CE34A-CC7F-4088-A411-780F3D1D4290}"
EndProject
Project("{9A19103F-16F7-4668-BE54-9A1E7A4F7556}") = "Sem1", "Seminars\Sem1\Sem1.csproj", "{25F1B130-9097-4271-9657-0599BFE35280}"
EndProject
Project("{9A19103F-16F7-4668-BE54-9A1E7A4F7556}") = "Sem2", "Seminars\Sem2\Sem2.csproj", "{BB7B4E3A-C823-4CE3-AC25-98AF4AB9E253}"
EndProject
Project("{9A19103F-16F7-4668-BE54-9A1E7A4F7556}") = "Sem3", "Seminars\Sem3\Sem3.csproj", "{0C5433F3-B29D-4831-839F-9F21CD3F60A3}"
EndProject
Project("{9A19103F-16F7-4668-BE54-9A1E7A4F7556}") = "Sem4", "Seminars\Sem4\Sem4.csproj", "{024785F2-9073-47EA-B600-ACB851589A45}"
EndProject
Project("{9A19103F-16F7-4668-BE54-9A1E7A4F7556}") = "Sem5", "Seminars\Sem5\Sem5.csproj", "{067C4534-F95A-4BB2-8630-C6C527EC04B3}"
EndProject
Project("{9A19103F-16F7-4668-BE54-9A1E7A4F7556}") = "Sem6", "Seminars\Sem6\Sem6.csproj", "{20F43036-67EE-48F5-8B30-08727E2E4E80}"
EndProject
Project("{9A19103F-16F7-4668-BE54-9A1E7A4F7556}") = "Sem7", "Seminars\Sem7\Sem7.csproj", "{684D2496-2E84-4DF4-97AD-FB3C43A80E30}"
EndProject
Global
	GlobalSection(SolutionConfigurationPlatforms) = preSolution
		Debug|Any CPU = Debug|Any CPU
		Release|Any CPU = Release|Any CPU
	EndGlobalSection
	GlobalSection(ProjectConfigurationPlatforms) = postSolution
		{79E0C46C-2EB8-4D68-BAB6-D9F99C8B7818}.Debug|Any CPU.ActiveCfg = Debug|Any CPU
		{79E0C46C-2EB8-4D68-BAB6-D9F99C8B7818}.Debug|Any CPU.Build.0 = Debug|Any CPU
		{79E0C46C-2EB8-4D68-BAB6-D9F99C8B7818}.Release|Any CPU.ActiveCfg = Release|Any CPU
		{79E0C46C-2EB8-4D68-BAB6-D9F99C8B7818}.Release|Any CPU.Build.0 = Release|Any CPU
		{8EDF9E22-285A-4FBB-8DFD-BC09AFF27F04}.Debug|Any CPU.ActiveCfg = Debug|Any CPU
		{8EDF9E22-285A-4FBB-8DFD-BC09AFF27F04}.Debug|Any CPU.Build.0 = Debug|Any CPU
		{8EDF9E22-285A-4FBB-8DFD-BC09AFF27F04}.Release|Any CPU.ActiveCfg = Release|Any CPU
		{8EDF9E22-285A-4FBB-8DFD-BC09AFF27F04}.Release|Any CPU.Build.0 = Release|Any CPU
		{631A8A74-8B06-4F41-B1AE-FB5A18AA3810}.Debug|Any CPU.ActiveCfg = Debug|Any CPU
		{631A8A74-8B06-4F41-B1AE-FB5A18AA3810}.Debug|Any CPU.Build.0 = Debug|Any CPU
		{631A8A74-8B06-4F41-B1AE-FB5A18AA3810}.Release|Any CPU.ActiveCfg = Release|Any CPU
		{631A8A74-8B06-4F41-B1AE-FB5A18AA3810}.Release|Any CPU.Build.0 = Release|Any CPU
		{CF4C4AD2-39DE-4F17-94C1-17CF115D3D9E}.Debug|Any CPU.ActiveCfg = Debug|Any CPU
		{CF4C4AD2-39DE-4F17-94C1-17CF115D3D9E}.Debug|Any CPU.Build.0 = Debug|Any CPU
		{CF4C4AD2-39DE-4F17-94C1-17CF115D3D9E}.Release|Any CPU.ActiveCfg = Release|Any CPU
		{CF4C4AD2-39DE-4F17-94C1-17CF115D3D9E}.Release|Any CPU.Build.0 = Release|Any CPU
		{C33F3A3C-94D5-4217-8FD8-5ADA82735519}.Debug|Any CPU.ActiveCfg = Debug|Any CPU
		{C33F3A3C-94D5-4217-8FD8-5ADA82735519}.Debug|Any CPU.Build.0 = Debug|Any CPU
		{C33F3A3C-94D5-4217-8FD8-5ADA82735519}.Release|Any CPU.ActiveCfg = Release|Any CPU
		{C33F3A3C-94D5-4217-8FD8-5ADA82735519}.Release|Any CPU.Build.0 = Release|Any CPU
		{BF98D0BF-B2BF-4DCB-95BE-9E4B483A129B}.Debug|Any CPU.ActiveCfg = Debug|Any CPU
		{BF98D0BF-B2BF-4DCB-95BE-9E4B483A129B}.Debug|Any CPU.Build.0 = Debug|Any CPU
		{BF98D0BF-B2BF-4DCB-95BE-9E4B483A129B}.Release|Any CPU.ActiveCfg = Release|Any CPU
		{BF98D0BF-B2BF-4DCB-95BE-9E4B483A129B}.Release|Any CPU.Build.0 = Release|Any CPU
		{DB79676B-F615-4DC9-9121-FBE09C0657B9}.Debug|Any CPU.ActiveCfg = Debug|Any CPU
		{DB79676B-F615-4DC9-9121-FBE09C0657B9}.Debug|Any CPU.Build.0 = Debug|Any CPU
		{DB79676B-F615-4DC9-9121-FBE09C0657B9}.Release|Any CPU.ActiveCfg = Release|Any CPU
		{DB79676B-F615-4DC9-9121-FBE09C0657B9}.Release|Any CPU.Build.0 = Release|Any CPU
		{E8A66763-33A1-431F-881F-8B6235AA02A8}.Debug|Any CPU.ActiveCfg = Debug|Any CPU
		{E8A66763-33A1-431F-881F-8B6235AA02A8}.Debug|Any CPU.Build.0 = Debug|Any CPU
		{E8A66763-33A1-431F-881F-8B6235AA02A8}.Release|Any CPU.ActiveCfg = Release|Any CPU
		{E8A66763-33A1-431F-881F-8B6235AA02A8}.Release|Any CPU.Build.0 = Release|Any CPU
		{D6D9D3A0-46D3-47DE-A8A9-C080C7164811}.Debug|Any CPU.ActiveCfg = Debug|Any CPU
		{D6D9D3A0-46D3-47DE-A8A9-C080C7164811}.Debug|Any CPU.Build.0 = Debug|Any CPU
		{D6D9D3A0-46D3-47DE-A8A9-C080C7164811}.Release|Any CPU.ActiveCfg = Release|Any CPU
		{D6D9D3A0-46D3-47DE-A8A9-C080C7164811}.Release|Any CPU.Build.0 = Release|Any CPU
		{B0F97681-57AE-4FCA-B87D-9FF24277092B}.Debug|Any CPU.ActiveCfg = Debug|Any CPU
		{B0F97681-57AE-4FCA-B87D-9FF24277092B}.Debug|Any CPU.Build.0 = Debug|Any CPU
		{B0F97681-57AE-4FCA-B87D-9FF24277092B}.Release|Any CPU.ActiveCfg = Release|Any CPU
		{B0F97681-57AE-4FCA-B87D-9FF24277092B}.Release|Any CPU.Build.0 = Release|Any CPU
		{25F1B130-9097-4271-9657-0599BFE35280}.Debug|Any CPU.ActiveCfg = Debug|Any CPU
		{25F1B130-9097-4271-9657-0599BFE35280}.Debug|Any CPU.Build.0 = Debug|Any CPU
		{25F1B130-9097-4271-9657-0599BFE35280}.Release|Any CPU.ActiveCfg = Release|Any CPU
		{25F1B130-9097-4271-9657-0599BFE35280}.Release|Any CPU.Build.0 = Release|Any CPU
		{BB7B4E3A-C823-4CE3-AC25-98AF4AB9E253}.Debug|Any CPU.ActiveCfg = Debug|Any CPU
		{BB7B4E3A-C823-4CE3-AC25-98AF4AB9E253}.Debug|Any CPU.Build.0 = Debug|Any CPU
		{BB7B4E3A-C823-4CE3-AC25-98AF4AB9E253}.Release|Any CPU.ActiveCfg = Release|Any CPU
		{BB7B4E3A-C823-4CE3-AC25-98AF4AB9E253}.Release|Any CPU.Build.0 = Release|Any CPU
		{0C5433F3-B29D-4831-839F-9F21CD3F60A3}.Debug|Any CPU.ActiveCfg = Debug|Any CPU
		{0C5433F3-B29D-4831-839F-9F21CD3F60A3}.Debug|Any CPU.Build.0 = Debug|Any CPU
		{0C5433F3-B29D-4831-839F-9F21CD3F60A3}.Release|Any CPU.ActiveCfg = Release|Any CPU
		{0C5433F3-B29D-4831-839F-9F21CD3F60A3}.Release|Any CPU.Build.0 = Release|Any CPU
		{024785F2-9073-47EA-B600-ACB851589A45}.Debug|Any CPU.ActiveCfg = Debug|Any CPU
		{024785F2-9073-47EA-B600-ACB851589A45}.Debug|Any CPU.Build.0 = Debug|Any CPU
		{024785F2-9073-47EA-B600-ACB851589A45}.Release|Any CPU.ActiveCfg = Release|Any CPU
		{024785F2-9073-47EA-B600-ACB851589A45}.Release|Any CPU.Build.0 = Release|Any CPU
		{067C4534-F95A-4BB2-8630-C6C527EC04B3}.Debug|Any CPU.ActiveCfg = Debug|Any CPU
		{067C4534-F95A-4BB2-8630-C6C527EC04B3}.Debug|Any CPU.Build.0 = Debug|Any CPU
		{067C4534-F95A-4BB2-8630-C6C527EC04B3}.Release|Any CPU.ActiveCfg = Release|Any CPU
		{067C4534-F95A-4BB2-8630-C6C527EC04B3}.Release|Any CPU.Build.0 = Release|Any CPU
		{20F43036-67EE-48F5-8B30-08727E2E4E80}.Debug|Any CPU.ActiveCfg = Debug|Any CPU
		{20F43036-67EE-48F5-8B30-08727E2E4E80}.Debug|Any CPU.Build.0 = Debug|Any CPU
		{20F43036-67EE-48F5-8B30-08727E2E4E80}.Release|Any CPU.ActiveCfg = Release|Any CPU
		{20F43036-67EE-48F5-8B30-08727E2E4E80}.Release|Any CPU.Build.0 = Release|Any CPU
		{684D2496-2E84-4DF4-97AD-FB3C43A80E30}.Debug|Any CPU.ActiveCfg = Debug|Any CPU
		{684D2496-2E84-4DF4-97AD-FB3C43A80E30}.Debug|Any CPU.Build.0 = Debug|Any CPU
		{684D2496-2E84-4DF4-97AD-FB3C43A80E30}.Release|Any CPU.ActiveCfg = Release|Any CPU
		{684D2496-2E84-4DF4-97AD-FB3C43A80E30}.Release|Any CPU.Build.0 = Release|Any CPU
	EndGlobalSection
	GlobalSection(SolutionProperties) = preSolution
		HideSolutionNode = FALSE
	EndGlobalSection
	GlobalSection(NestedProjects) = preSolution
		{631A8A74-8B06-4F41-B1AE-FB5A18AA3810} = {60B7E6D6-C94A-4FA0-9719-40463C8285D6}
		{CF4C4AD2-39DE-4F17-94C1-17CF115D3D9E} = {60B7E6D6-C94A-4FA0-9719-40463C8285D6}
		{C33F3A3C-94D5-4217-8FD8-5ADA82735519} = {60B7E6D6-C94A-4FA0-9719-40463C8285D6}
		{BF98D0BF-B2BF-4DCB-95BE-9E4B483A129B} = {60B7E6D6-C94A-4FA0-9719-40463C8285D6}
		{DB79676B-F615-4DC9-9121-FBE09C0657B9} = {35262B70-4894-4BA5-ADCE-5B3EA87FE945}
		{E8A66763-33A1-431F-881F-8B6235AA02A8} = {35262B70-4894-4BA5-ADCE-5B3EA87FE945}
		{D6D9D3A0-46D3-47DE-A8A9-C080C7164811} = {6DD1A046-DD3F-4B9C-980A-8EF6BAC66EED}
		{B0F97681-57AE-4FCA-B87D-9FF24277092B} = {6DD1A046-DD3F-4B9C-980A-8EF6BAC66EED}
		{25F1B130-9097-4271-9657-0599BFE35280} = {546CE34A-CC7F-4088-A411-780F3D1D4290}
		{BB7B4E3A-C823-4CE3-AC25-98AF4AB9E253} = {546CE34A-CC7F-4088-A411-780F3D1D4290}
		{0C5433F3-B29D-4831-839F-9F21CD3F60A3} = {546CE34A-CC7F-4088-A411-780F3D1D4290}
		{024785F2-9073-47EA-B600-ACB851589A45} = {546CE34A-CC7F-4088-A411-780F3D1D4290}
		{067C4534-F95A-4BB2-8630-C6C527EC04B3} = {546CE34A-CC7F-4088-A411-780F3D1D4290}
		{20F43036-67EE-48F5-8B30-08727E2E4E80} = {546CE34A-CC7F-4088-A411-780F3D1D4290}
		{684D2496-2E84-4DF4-97AD-FB3C43A80E30} = {546CE34A-CC7F-4088-A411-780F3D1D4290}
	EndGlobalSection
	GlobalSection(ExtensibilityGlobals) = postSolution
		SolutionGuid = {49B34327-1153-4F04-90FD-45EB7694D85A}
	EndGlobalSection
EndGlobal
